// !$*UTF8*$!
{
	archiveVersion = 1;
	classes = {
	};
	objectVersion = 46;
	objects = {

/* Begin PBXBuildFile section */
		960024DC1B8572A700518440 /* BaseViewController.m in Sources */ = {isa = PBXBuildFile; fileRef = 960024DB1B8572A700518440 /* BaseViewController.m */; };
		9621F2BA1B821CA90036A98C /* main.m in Sources */ = {isa = PBXBuildFile; fileRef = 9621F2B91B821CA90036A98C /* main.m */; };
		9621F2BD1B821CA90036A98C /* AppDelegate.m in Sources */ = {isa = PBXBuildFile; fileRef = 9621F2BC1B821CA90036A98C /* AppDelegate.m */; };
		9621F2C01B821CA90036A98C /* ViewController.m in Sources */ = {isa = PBXBuildFile; fileRef = 9621F2BF1B821CA90036A98C /* ViewController.m */; };
		9621F2C51B821CA90036A98C /* Images.xcassets in Resources */ = {isa = PBXBuildFile; fileRef = 9621F2C41B821CA90036A98C /* Images.xcassets */; };
		9621F2C81B821CA90036A98C /* LaunchScreen.xib in Resources */ = {isa = PBXBuildFile; fileRef = 9621F2C61B821CA90036A98C /* LaunchScreen.xib */; };
		9621F2D41B821CA90036A98C /* TabBarControllerTests.m in Sources */ = {isa = PBXBuildFile; fileRef = 9621F2D31B821CA90036A98C /* TabBarControllerTests.m */; };
		9621F2DF1B8220A00036A98C /* SvTabBarFirstViewController.m in Sources */ = {isa = PBXBuildFile; fileRef = 9621F2DE1B8220A00036A98C /* SvTabBarFirstViewController.m */; };
		9621F2E21B8220B40036A98C /* SvTabBarSecondViewController.m in Sources */ = {isa = PBXBuildFile; fileRef = 9621F2E11B8220B40036A98C /* SvTabBarSecondViewController.m */; };
		963254681B84C880009FE6F4 /* BaseRootViewController.m in Sources */ = {isa = PBXBuildFile; fileRef = 963254671B84C880009FE6F4 /* BaseRootViewController.m */; };
		964976251B85B32A003045D2 /* TaskstudyButton.m in Sources */ = {isa = PBXBuildFile; fileRef = 964976241B85B32A003045D2 /* TaskstudyButton.m */; };
		964976271B85D976003045D2 /* Default@2x.png in Resources */ = {isa = PBXBuildFile; fileRef = 964976261B85D976003045D2 /* Default@2x.png */; };
		964976291B85D9EF003045D2 /* Default-568h@2x.png in Resources */ = {isa = PBXBuildFile; fileRef = 964976281B85D9EF003045D2 /* Default-568h@2x.png */; };
/* End PBXBuildFile section */

/* Begin PBXContainerItemProxy section */
		9621F2CE1B821CA90036A98C /* PBXContainerItemProxy */ = {
			isa = PBXContainerItemProxy;
			containerPortal = 9621F2AC1B821CA90036A98C /* Project object */;
			proxyType = 1;
			remoteGlobalIDString = 9621F2B31B821CA90036A98C;
			remoteInfo = TabBarController;
		};
/* End PBXContainerItemProxy section */

/* Begin PBXFileReference section */
		960024DA1B8572A700518440 /* BaseViewController.h */ = {isa = PBXFileReference; fileEncoding = 4; lastKnownFileType = sourcecode.c.h; path = BaseViewController.h; sourceTree = "<group>"; };
		960024DB1B8572A700518440 /* BaseViewController.m */ = {isa = PBXFileReference; fileEncoding = 4; lastKnownFileType = sourcecode.c.objc; path = BaseViewController.m; sourceTree = "<group>"; };
		9621F2B41B821CA90036A98C /* TabBarController.app */ = {isa = PBXFileReference; explicitFileType = wrapper.application; includeInIndex = 0; path = TabBarController.app; sourceTree = BUILT_PRODUCTS_DIR; };
		9621F2B81B821CA90036A98C /* Info.plist */ = {isa = PBXFileReference; lastKnownFileType = text.plist.xml; path = Info.plist; sourceTree = "<group>"; };
		9621F2B91B821CA90036A98C /* main.m */ = {isa = PBXFileReference; lastKnownFileType = sourcecode.c.objc; path = main.m; sourceTree = "<group>"; };
		9621F2BB1B821CA90036A98C /* AppDelegate.h */ = {isa = PBXFileReference; lastKnownFileType = sourcecode.c.h; path = AppDelegate.h; sourceTree = "<group>"; };
		9621F2BC1B821CA90036A98C /* AppDelegate.m */ = {isa = PBXFileReference; lastKnownFileType = sourcecode.c.objc; path = AppDelegate.m; sourceTree = "<group>"; };
		9621F2BE1B821CA90036A98C /* ViewController.h */ = {isa = PBXFileReference; lastKnownFileType = sourcecode.c.h; path = ViewController.h; sourceTree = "<group>"; };
		9621F2BF1B821CA90036A98C /* ViewController.m */ = {isa = PBXFileReference; lastKnownFileType = sourcecode.c.objc; path = ViewController.m; sourceTree = "<group>"; };
		9621F2C41B821CA90036A98C /* Images.xcassets */ = {isa = PBXFileReference; lastKnownFileType = folder.assetcatalog; path = Images.xcassets; sourceTree = "<group>"; };
		9621F2C71B821CA90036A98C /* Base */ = {isa = PBXFileReference; lastKnownFileType = file.xib; name = Base; path = Base.lproj/LaunchScreen.xib; sourceTree = "<group>"; };
		9621F2CD1B821CA90036A98C /* TabBarControllerTests.xctest */ = {isa = PBXFileReference; explicitFileType = wrapper.cfbundle; includeInIndex = 0; path = TabBarControllerTests.xctest; sourceTree = BUILT_PRODUCTS_DIR; };
		9621F2D21B821CA90036A98C /* Info.plist */ = {isa = PBXFileReference; lastKnownFileType = text.plist.xml; path = Info.plist; sourceTree = "<group>"; };
		9621F2D31B821CA90036A98C /* TabBarControllerTests.m */ = {isa = PBXFileReference; lastKnownFileType = sourcecode.c.objc; path = TabBarControllerTests.m; sourceTree = "<group>"; };
		9621F2DD1B8220A00036A98C /* SvTabBarFirstViewController.h */ = {isa = PBXFileReference; fileEncoding = 4; lastKnownFileType = sourcecode.c.h; path = SvTabBarFirstViewController.h; sourceTree = "<group>"; };
		9621F2DE1B8220A00036A98C /* SvTabBarFirstViewController.m */ = {isa = PBXFileReference; fileEncoding = 4; lastKnownFileType = sourcecode.c.objc; path = SvTabBarFirstViewController.m; sourceTree = "<group>"; };
		9621F2E01B8220B40036A98C /* SvTabBarSecondViewController.h */ = {isa = PBXFileReference; fileEncoding = 4; lastKnownFileType = sourcecode.c.h; path = SvTabBarSecondViewController.h; sourceTree = "<group>"; };
		9621F2E11B8220B40036A98C /* SvTabBarSecondViewController.m */ = {isa = PBXFileReference; fileEncoding = 4; lastKnownFileType = sourcecode.c.objc; path = SvTabBarSecondViewController.m; sourceTree = "<group>"; };
		963254661B84C880009FE6F4 /* BaseRootViewController.h */ = {isa = PBXFileReference; fileEncoding = 4; lastKnownFileType = sourcecode.c.h; path = BaseRootViewController.h; sourceTree = "<group>"; };
		963254671B84C880009FE6F4 /* BaseRootViewController.m */ = {isa = PBXFileReference; fileEncoding = 4; lastKnownFileType = sourcecode.c.objc; path = BaseRootViewController.m; sourceTree = "<group>"; };
		964976231B85B32A003045D2 /* TaskstudyButton.h */ = {isa = PBXFileReference; fileEncoding = 4; lastKnownFileType = sourcecode.c.h; path = TaskstudyButton.h; sourceTree = "<group>"; };
		964976241B85B32A003045D2 /* TaskstudyButton.m */ = {isa = PBXFileReference; fileEncoding = 4; lastKnownFileType = sourcecode.c.objc; path = TaskstudyButton.m; sourceTree = "<group>"; };
		964976261B85D976003045D2 /* Default@2x.png */ = {isa = PBXFileReference; lastKnownFileType = image.png; path = "Default@2x.png"; sourceTree = "<group>"; };
		964976281B85D9EF003045D2 /* Default-568h@2x.png */ = {isa = PBXFileReference; lastKnownFileType = image.png; path = "Default-568h@2x.png"; sourceTree = "<group>"; };
/* End PBXFileReference section */

/* Begin PBXFrameworksBuildPhase section */
		9621F2B11B821CA90036A98C /* Frameworks */ = {
			isa = PBXFrameworksBuildPhase;
			buildActionMask = 2147483647;
			files = (
			);
			runOnlyForDeploymentPostprocessing = 0;
		};
		9621F2CA1B821CA90036A98C /* Frameworks */ = {
			isa = PBXFrameworksBuildPhase;
			buildActionMask = 2147483647;
			files = (
			);
			runOnlyForDeploymentPostprocessing = 0;
		};
/* End PBXFrameworksBuildPhase section */

/* Begin PBXGroup section */
		9621F2AB1B821CA90036A98C = {
			isa = PBXGroup;
			children = (
				9621F2B61B821CA90036A98C /* TabBarController */,
				9621F2D01B821CA90036A98C /* TabBarControllerTests */,
				9621F2B51B821CA90036A98C /* Products */,
			);
			sourceTree = "<group>";
		};
		9621F2B51B821CA90036A98C /* Products */ = {
			isa = PBXGroup;
			children = (
				9621F2B41B821CA90036A98C /* TabBarController.app */,
				9621F2CD1B821CA90036A98C /* TabBarControllerTests.xctest */,
			);
			name = Products;
			sourceTree = "<group>";
		};
		9621F2B61B821CA90036A98C /* TabBarController */ = {
			isa = PBXGroup;
			children = (
				9621F2BB1B821CA90036A98C /* AppDelegate.h */,
				9621F2BC1B821CA90036A98C /* AppDelegate.m */,
				9621F2BE1B821CA90036A98C /* ViewController.h */,
				9621F2BF1B821CA90036A98C /* ViewController.m */,
				9621F2DD1B8220A00036A98C /* SvTabBarFirstViewController.h */,
				9621F2DE1B8220A00036A98C /* SvTabBarFirstViewController.m */,
				9621F2E01B8220B40036A98C /* SvTabBarSecondViewController.h */,
				9621F2E11B8220B40036A98C /* SvTabBarSecondViewController.m */,
				963254661B84C880009FE6F4 /* BaseRootViewController.h */,
				963254671B84C880009FE6F4 /* BaseRootViewController.m */,
				960024DA1B8572A700518440 /* BaseViewController.h */,
				960024DB1B8572A700518440 /* BaseViewController.m */,
				964976231B85B32A003045D2 /* TaskstudyButton.h */,
				964976241B85B32A003045D2 /* TaskstudyButton.m */,
				9621F2C41B821CA90036A98C /* Images.xcassets */,
				9621F2C61B821CA90036A98C /* LaunchScreen.xib */,
				9621F2B71B821CA90036A98C /* Supporting Files */,
			);
			path = TabBarController;
			sourceTree = "<group>";
		};
		9621F2B71B821CA90036A98C /* Supporting Files */ = {
			isa = PBXGroup;
			children = (
				964976261B85D976003045D2 /* Default@2x.png */,
				964976281B85D9EF003045D2 /* Default-568h@2x.png */,
				9621F2B81B821CA90036A98C /* Info.plist */,
				9621F2B91B821CA90036A98C /* main.m */,
			);
			name = "Supporting Files";
			sourceTree = "<group>";
		};
		9621F2D01B821CA90036A98C /* TabBarControllerTests */ = {
			isa = PBXGroup;
			children = (
				9621F2D31B821CA90036A98C /* TabBarControllerTests.m */,
				9621F2D11B821CA90036A98C /* Supporting Files */,
			);
			path = TabBarControllerTests;
			sourceTree = "<group>";
		};
		9621F2D11B821CA90036A98C /* Supporting Files */ = {
			isa = PBXGroup;
			children = (
				9621F2D21B821CA90036A98C /* Info.plist */,
			);
			name = "Supporting Files";
			sourceTree = "<group>";
		};
/* End PBXGroup section */

/* Begin PBXNativeTarget section */
		9621F2B31B821CA90036A98C /* TabBarController */ = {
			isa = PBXNativeTarget;
			buildConfigurationList = 9621F2D71B821CA90036A98C /* Build configuration list for PBXNativeTarget "TabBarController" */;
			buildPhases = (
				9621F2B01B821CA90036A98C /* Sources */,
				9621F2B11B821CA90036A98C /* Frameworks */,
				9621F2B21B821CA90036A98C /* Resources */,
			);
			buildRules = (
			);
			dependencies = (
			);
			name = TabBarController;
			productName = TabBarController;
			productReference = 9621F2B41B821CA90036A98C /* TabBarController.app */;
			productType = "com.apple.product-type.application";
		};
		9621F2CC1B821CA90036A98C /* TabBarControllerTests */ = {
			isa = PBXNativeTarget;
			buildConfigurationList = 9621F2DA1B821CA90036A98C /* Build configuration list for PBXNativeTarget "TabBarControllerTests" */;
			buildPhases = (
				9621F2C91B821CA90036A98C /* Sources */,
				9621F2CA1B821CA90036A98C /* Frameworks */,
				9621F2CB1B821CA90036A98C /* Resources */,
			);
			buildRules = (
			);
			dependencies = (
				9621F2CF1B821CA90036A98C /* PBXTargetDependency */,
			);
			name = TabBarControllerTests;
			productName = TabBarControllerTests;
			productReference = 9621F2CD1B821CA90036A98C /* TabBarControllerTests.xctest */;
			productType = "com.apple.product-type.bundle.unit-test";
		};
/* End PBXNativeTarget section */

/* Begin PBXProject section */
		9621F2AC1B821CA90036A98C /* Project object */ = {
			isa = PBXProject;
			attributes = {
				LastUpgradeCheck = 0640;
				ORGANIZATIONNAME = yaolizhi;
				TargetAttributes = {
					9621F2B31B821CA90036A98C = {
						CreatedOnToolsVersion = 6.4;
						DevelopmentTeam = 3Z88ZMH8K3;
					};
					9621F2CC1B821CA90036A98C = {
						CreatedOnToolsVersion = 6.4;
						TestTargetID = 9621F2B31B821CA90036A98C;
					};
				};
			};
			buildConfigurationList = 9621F2AF1B821CA90036A98C /* Build configuration list for PBXProject "TabBarController" */;
			compatibilityVersion = "Xcode 3.2";
			developmentRegion = English;
			hasScannedForEncodings = 0;
			knownRegions = (
				en,
				Base,
			);
			mainGroup = 9621F2AB1B821CA90036A98C;
			productRefGroup = 9621F2B51B821CA90036A98C /* Products */;
			projectDirPath = "";
			projectRoot = "";
			targets = (
				9621F2B31B821CA90036A98C /* TabBarController */,
				9621F2CC1B821CA90036A98C /* TabBarControllerTests */,
			);
		};
/* End PBXProject section */

/* Begin PBXResourcesBuildPhase section */
		9621F2B21B821CA90036A98C /* Resources */ = {
			isa = PBXResourcesBuildPhase;
			buildActionMask = 2147483647;
			files = (
				964976271B85D976003045D2 /* Default@2x.png in Resources */,
				964976291B85D9EF003045D2 /* Default-568h@2x.png in Resources */,
				9621F2C81B821CA90036A98C /* LaunchScreen.xib in Resources */,
				9621F2C51B821CA90036A98C /* Images.xcassets in Resources */,
			);
			runOnlyForDeploymentPostprocessing = 0;
		};
		9621F2CB1B821CA90036A98C /* Resources */ = {
			isa = PBXResourcesBuildPhase;
			buildActionMask = 2147483647;
			files = (
			);
			runOnlyForDeploymentPostprocessing = 0;
		};
/* End PBXResourcesBuildPhase section */

/* Begin PBXSourcesBuildPhase section */
		9621F2B01B821CA90036A98C /* Sources */ = {
			isa = PBXSourcesBuildPhase;
			buildActionMask = 2147483647;
			files = (
				9621F2DF1B8220A00036A98C /* SvTabBarFirstViewController.m in Sources */,
				9621F2C01B821CA90036A98C /* ViewController.m in Sources */,
				9621F2BD1B821CA90036A98C /* AppDelegate.m in Sources */,
				963254681B84C880009FE6F4 /* BaseRootViewController.m in Sources */,
				964976251B85B32A003045D2 /* TaskstudyButton.m in Sources */,
				9621F2BA1B821CA90036A98C /* main.m in Sources */,
				960024DC1B8572A700518440 /* BaseViewController.m in Sources */,
				9621F2E21B8220B40036A98C /* SvTabBarSecondViewController.m in Sources */,
			);
			runOnlyForDeploymentPostprocessing = 0;
		};
		9621F2C91B821CA90036A98C /* Sources */ = {
			isa = PBXSourcesBuildPhase;
			buildActionMask = 2147483647;
			files = (
				9621F2D41B821CA90036A98C /* TabBarControllerTests.m in Sources */,
			);
			runOnlyForDeploymentPostprocessing = 0;
		};
/* End PBXSourcesBuildPhase section */

/* Begin PBXTargetDependency section */
		9621F2CF1B821CA90036A98C /* PBXTargetDependency */ = {
			isa = PBXTargetDependency;
			target = 9621F2B31B821CA90036A98C /* TabBarController */;
			targetProxy = 9621F2CE1B821CA90036A98C /* PBXContainerItemProxy */;
		};
/* End PBXTargetDependency section */

/* Begin PBXVariantGroup section */
		9621F2C61B821CA90036A98C /* LaunchScreen.xib */ = {
			isa = PBXVariantGroup;
			children = (
				9621F2C71B821CA90036A98C /* Base */,
			);
			name = LaunchScreen.xib;
			sourceTree = "<group>";
		};
/* End PBXVariantGroup section */

/* Begin XCBuildConfiguration section */
		9621F2D51B821CA90036A98C /* Debug */ = {
			isa = XCBuildConfiguration;
			buildSettings = {
				ALWAYS_SEARCH_USER_PATHS = NO;
				CLANG_CXX_LANGUAGE_STANDARD = "gnu++0x";
				CLANG_CXX_LIBRARY = "libc++";
				CLANG_ENABLE_MODULES = YES;
				CLANG_ENABLE_OBJC_ARC = YES;
				CLANG_WARN_BOOL_CONVERSION = YES;
				CLANG_WARN_CONSTANT_CONVERSION = YES;
				CLANG_WARN_DIRECT_OBJC_ISA_USAGE = YES_ERROR;
				CLANG_WARN_EMPTY_BODY = YES;
				CLANG_WARN_ENUM_CONVERSION = YES;
				CLANG_WARN_INT_CONVERSION = YES;
				CLANG_WARN_OBJC_ROOT_CLASS = YES_ERROR;
				CLANG_WARN_UNREACHABLE_CODE = YES;
				CLANG_WARN__DUPLICATE_METHOD_MATCH = YES;
				CODE_SIGN_IDENTITY = "iPhone Developer: ZHIGUANG LI (5593V67DUV)";
				"CODE_SIGN_IDENTITY[sdk=iphoneos*]" = "iPhone Developer: ZHIGUANG LI (5593V67DUV)";
				COPY_PHASE_STRIP = NO;
				DEBUG_INFORMATION_FORMAT = "dwarf-with-dsym";
				ENABLE_STRICT_OBJC_MSGSEND = YES;
				GCC_C_LANGUAGE_STANDARD = gnu99;
				GCC_DYNAMIC_NO_PIC = NO;
				GCC_NO_COMMON_BLOCKS = YES;
				GCC_OPTIMIZATION_LEVEL = 0;
				GCC_PREPROCESSOR_DEFINITIONS = (
					"DEBUG=1",
					"$(inherited)",
				);
				GCC_SYMBOLS_PRIVATE_EXTERN = NO;
				GCC_WARN_64_TO_32_BIT_CONVERSION = YES;
				GCC_WARN_ABOUT_RETURN_TYPE = YES_ERROR;
				GCC_WARN_UNDECLARED_SELECTOR = YES;
				GCC_WARN_UNINITIALIZED_AUTOS = YES_AGGRESSIVE;
				GCC_WARN_UNUSED_FUNCTION = YES;
				GCC_WARN_UNUSED_VARIABLE = YES;
				IPHONEOS_DEPLOYMENT_TARGET = 8.4;
				MTL_ENABLE_DEBUG_INFO = YES;
				ONLY_ACTIVE_ARCH = YES;
				PROVISIONING_PROFILE = "1303e61f-be98-4778-9692-e971bea6f523";
				SDKROOT = iphoneos;
			};
			name = Debug;
		};
		9621F2D61B821CA90036A98C /* Release */ = {
			isa = XCBuildConfiguration;
			buildSettings = {
				ALWAYS_SEARCH_USER_PATHS = NO;
				CLANG_CXX_LANGUAGE_STANDARD = "gnu++0x";
				CLANG_CXX_LIBRARY = "libc++";
				CLANG_ENABLE_MODULES = YES;
				CLANG_ENABLE_OBJC_ARC = YES;
				CLANG_WARN_BOOL_CONVERSION = YES;
				CLANG_WARN_CONSTANT_CONVERSION = YES;
				CLANG_WARN_DIRECT_OBJC_ISA_USAGE = YES_ERROR;
				CLANG_WARN_EMPTY_BODY = YES;
				CLANG_WARN_ENUM_CONVERSION = YES;
				CLANG_WARN_INT_CONVERSION = YES;
				CLANG_WARN_OBJC_ROOT_CLASS = YES_ERROR;
				CLANG_WARN_UNREACHABLE_CODE = YES;
				CLANG_WARN__DUPLICATE_METHOD_MATCH = YES;
				CODE_SIGN_IDENTITY = "iPhone Developer: ZHIGUANG LI (5593V67DUV)";
				"CODE_SIGN_IDENTITY[sdk=iphoneos*]" = "iPhone Developer: ZHIGUANG LI (5593V67DUV)";
				COPY_PHASE_STRIP = NO;
				DEBUG_INFORMATION_FORMAT = "dwarf-with-dsym";
				ENABLE_NS_ASSERTIONS = NO;
				ENABLE_STRICT_OBJC_MSGSEND = YES;
				GCC_C_LANGUAGE_STANDARD = gnu99;
				GCC_NO_COMMON_BLOCKS = YES;
				GCC_WARN_64_TO_32_BIT_CONVERSION = YES;
				GCC_WARN_ABOUT_RETURN_TYPE = YES_ERROR;
				GCC_WARN_UNDECLARED_SELECTOR = YES;
				GCC_WARN_UNINITIALIZED_AUTOS = YES_AGGRESSIVE;
				GCC_WARN_UNUSED_FUNCTION = YES;
				GCC_WARN_UNUSED_VARIABLE = YES;
				IPHONEOS_DEPLOYMENT_TARGET = 8.4;
				MTL_ENABLE_DEBUG_INFO = NO;
				PROVISIONING_PROFILE = "1303e61f-be98-4778-9692-e971bea6f523";
				SDKROOT = iphoneos;
				VALIDATE_PRODUCT = YES;
			};
			name = Release;
		};
		9621F2D81B821CA90036A98C /* Debug */ = {
			isa = XCBuildConfiguration;
			buildSettings = {
				ASSETCATALOG_COMPILER_APPICON_NAME = AppIcon;
				ASSETCATALOG_COMPILER_LAUNCHIMAGE_NAME = LaunchImage;
				CODE_SIGN_IDENTITY = "iPhone Developer: ZHIGUANG LI (5593V67DUV)";
				"CODE_SIGN_IDENTITY[sdk=iphoneos*]" = "iPhone Developer: ZHIGUANG LI (5593V67DUV)";
				INFOPLIST_FILE = TabBarController/Info.plist;
				IPHONEOS_DEPLOYMENT_TARGET = 7.0;
				LD_RUNPATH_SEARCH_PATHS = "$(inherited) @executable_path/Frameworks";
				PRODUCT_NAME = "$(TARGET_NAME)";
				PROVISIONING_PROFILE = "1303e61f-be98-4778-9692-e971bea6f523";
			};
			name = Debug;
		};
		9621F2D91B821CA90036A98C /* Release */ = {
			isa = XCBuildConfiguration;
			buildSettings = {
				ASSETCATALOG_COMPILER_APPICON_NAME = AppIcon;
				ASSETCATALOG_COMPILER_LAUNCHIMAGE_NAME = LaunchImage;
				CODE_SIGN_IDENTITY = "iPhone Developer: ZHIGUANG LI (5593V67DUV)";
				"CODE_SIGN_IDENTITY[sdk=iphoneos*]" = "iPhone Developer: ZHIGUANG LI (5593V67DUV)";
				INFOPLIST_FILE = TabBarController/Info.plist;
				IPHONEOS_DEPLOYMENT_TARGET = 7.0;
				LD_RUNPATH_SEARCH_PATHS = "$(inherited) @executable_path/Frameworks";
				PRODUCT_NAME = "$(TARGET_NAME)";
				PROVISIONING_PROFILE = "1303e61f-be98-4778-9692-e971bea6f523";
			};
			name = Release;
		};
		9621F2DB1B821CA90036A98C /* Debug */ = {
			isa = XCBuildConfiguration;
			buildSettings = {
				BUNDLE_LOADER = "$(TEST_HOST)";
				FRAMEWORK_SEARCH_PATHS = (
					"$(SDKROOT)/Developer/Library/Frameworks",
					"$(inherited)",
				);
				GCC_PREPROCESSOR_DEFINITIONS = (
					"DEBUG=1",
					"$(inherited)",
				);
				INFOPLIST_FILE = TabBarControllerTests/Info.plist;
				LD_RUNPATH_SEARCH_PATHS = "$(inherited) @executable_path/Frameworks @loader_path/Frameworks";
				PRODUCT_NAME = "$(TARGET_NAME)";
				TEST_HOST = "$(BUILT_PRODUCTS_DIR)/TabBarController.app/TabBarController";
			};
			name = Debug;
		};
		9621F2DC1B821CA90036A98C /* Release */ = {
			isa = XCBuildConfiguration;
			buildSettings = {
				BUNDLE_LOADER = "$(TEST_HOST)";
				FRAMEWORK_SEARCH_PATHS = (
					"$(SDKROOT)/Developer/Library/Frameworks",
					"$(inherited)",
				);
				INFOPLIST_FILE = TabBarControllerTests/Info.plist;
				LD_RUNPATH_SEARCH_PATHS = "$(inherited) @executable_path/Frameworks @loader_path/Frameworks";
				PRODUCT_NAME = "$(TARGET_NAME)";
				TEST_HOST = "$(BUILT_PRODUCTS_DIR)/TabBarController.app/TabBarController";
			};
			name = Release;
		};
/* End XCBuildConfiguration section */

/* Begin XCConfigurationList section */
		9621F2AF1B821CA90036A98C /* Build configuration list for PBXProject "TabBarController" */ = {
			isa = XCConfigurationList;
			buildConfigurations = (
				9621F2D51B821CA90036A98C /* Debug */,
				9621F2D61B821CA90036A98C /* Release */,
			);
			defaultConfigurationIsVisible = 0;
			defaultConfigurationName = Release;
		};
		9621F2D71B821CA90036A98C /* Build configuration list for PBXNativeTarget "TabBarController" */ = {
			isa = XCConfigurationList;
			buildConfigurations = (
				9621F2D81B821CA90036A98C /* Debug */,
				9621F2D91B821CA90036A98C /* Release */,
			);
			defaultConfigurationIsVisible = 0;
			defaultConfigurationName = Release;
		};
		9621F2DA1B821CA90036A98C /* Build configuration list for PBXNativeTarget "TabBarControllerTests" */ = {
			isa = XCConfigurationList;
			buildConfigurations = (
				9621F2DB1B821CA90036A98C /* Debug */,
				9621F2DC1B821CA90036A98C /* Release */,
			);
			defaultConfigurationIsVisible = 0;
			defaultConfigurationName = Release;
		};
/* End XCConfigurationList section */
	};
	rootObject = 9621F2AC1B821CA90036A98C /* Project object */;
}
